// !$*UTF8*$!
{
	archiveVersion = 1;
	classes = {
	};
	objectVersion = 46;
	objects = {

/* Begin PBXBuildFile section */
		050DF30B1ACCFE96003640DE /* LocationLookupTableViewCell.swift in Sources */ = {isa = PBXBuildFile; fileRef = 050DF30A1ACCFE96003640DE /* LocationLookupTableViewCell.swift */; };
		050DF30E1ACEED81003640DE /* LoginManagerViewController.swift in Sources */ = {isa = PBXBuildFile; fileRef = 050DF30D1ACEED81003640DE /* LoginManagerViewController.swift */; };
		0523BD811AB632D50056CFD8 /* LimoUserSignUpViewController.swift in Sources */ = {isa = PBXBuildFile; fileRef = 0523BD801AB632D50056CFD8 /* LimoUserSignUpViewController.swift */; };
		0523BD831AB75D2A0056CFD8 /* LimoUserLocation.swift in Sources */ = {isa = PBXBuildFile; fileRef = 0523BD821AB75D2A0056CFD8 /* LimoUserLocation.swift */; };
		0523BD851AB7A43A0056CFD8 /* LocationTableViewCell.swift in Sources */ = {isa = PBXBuildFile; fileRef = 0523BD841AB7A43A0056CFD8 /* LocationTableViewCell.swift */; };
		0523BD871AB7AF510056CFD8 /* LocationSearchTableViewController.swift in Sources */ = {isa = PBXBuildFile; fileRef = 0523BD861AB7AF510056CFD8 /* LocationSearchTableViewController.swift */; };
		0523BD891AB7B0B30056CFD8 /* LocationResultsTableViewController.swift in Sources */ = {isa = PBXBuildFile; fileRef = 0523BD881AB7B0B30056CFD8 /* LocationResultsTableViewController.swift */; };
		0523BD8B1AB7C44C0056CFD8 /* MapKit.framework in Frameworks */ = {isa = PBXBuildFile; fileRef = 0523BD8A1AB7C44C0056CFD8 /* MapKit.framework */; };
		0523BD8D1AB892870056CFD8 /* LocationMapViewController.swift in Sources */ = {isa = PBXBuildFile; fileRef = 0523BD8C1AB892870056CFD8 /* LocationMapViewController.swift */; };
		054284001ADC959C00EC0D23 /* LocationSelectionTableViewCell.swift in Sources */ = {isa = PBXBuildFile; fileRef = 054283FF1ADC959C00EC0D23 /* LocationSelectionTableViewCell.swift */; };
		054284021ADC98D400EC0D23 /* Protocols.swift in Sources */ = {isa = PBXBuildFile; fileRef = 054284011ADC98D400EC0D23 /* Protocols.swift */; };
		054284041ADC9C0D00EC0D23 /* DateSelectionTableViewCell.swift in Sources */ = {isa = PBXBuildFile; fileRef = 054284031ADC9C0C00EC0D23 /* DateSelectionTableViewCell.swift */; };
		054284061ADC9FD300EC0D23 /* NumStepperCellTableViewCell.swift in Sources */ = {isa = PBXBuildFile; fileRef = 054284051ADC9FD300EC0D23 /* NumStepperCellTableViewCell.swift */; };
		054284081ADCA2B300EC0D23 /* ButtonCellTableViewCell.swift in Sources */ = {isa = PBXBuildFile; fileRef = 054284071ADCA2B300EC0D23 /* ButtonCellTableViewCell.swift */; };
		0542840A1ADCA3D300EC0D23 /* TextFieldCellTableViewCell.swift in Sources */ = {isa = PBXBuildFile; fileRef = 054284091ADCA3D300EC0D23 /* TextFieldCellTableViewCell.swift */; };
		0542840C1ADDA63500EC0D23 /* StatusIndicatiorView.swift in Sources */ = {isa = PBXBuildFile; fileRef = 0542840B1ADDA63500EC0D23 /* StatusIndicatiorView.swift */; };
		05649BB81AB0EFCC007566C3 /* AppDelegate.swift in Sources */ = {isa = PBXBuildFile; fileRef = 05649BB71AB0EFCC007566C3 /* AppDelegate.swift */; };
		05649BBF1AB0EFCC007566C3 /* Images.xcassets in Resources */ = {isa = PBXBuildFile; fileRef = 05649BBE1AB0EFCC007566C3 /* Images.xcassets */; };
		05649BC21AB0EFCC007566C3 /* LaunchScreen.xib in Resources */ = {isa = PBXBuildFile; fileRef = 05649BC01AB0EFCC007566C3 /* LaunchScreen.xib */; };
		05649BCE1AB0EFCC007566C3 /* LimoServiceTests.swift in Sources */ = {isa = PBXBuildFile; fileRef = 05649BCD1AB0EFCC007566C3 /* LimoServiceTests.swift */; };
		05649BDA1AB0F46C007566C3 /* libz.dylib in Frameworks */ = {isa = PBXBuildFile; fileRef = 05649BD91AB0F46C007566C3 /* libz.dylib */; };
		05649BDC1AB0F48F007566C3 /* libsqlite3.dylib in Frameworks */ = {isa = PBXBuildFile; fileRef = 05649BDB1AB0F48F007566C3 /* libsqlite3.dylib */; };
		05649BE71AB0F713007566C3 /* Social.framework in Frameworks */ = {isa = PBXBuildFile; fileRef = 05649BE61AB0F713007566C3 /* Social.framework */; };
		05649BE91AB0F720007566C3 /* Accounts.framework in Frameworks */ = {isa = PBXBuildFile; fileRef = 05649BE81AB0F720007566C3 /* Accounts.framework */; };
		05649BF01AB1004A007566C3 /* MobileCoreServices.framework in Frameworks */ = {isa = PBXBuildFile; fileRef = 05649BEF1AB1004A007566C3 /* MobileCoreServices.framework */; };
		05649BF21AB100D9007566C3 /* SystemConfiguration.framework in Frameworks */ = {isa = PBXBuildFile; fileRef = 05649BF11AB100D9007566C3 /* SystemConfiguration.framework */; };
		05649BF41AB10171007566C3 /* AudioToolbox.framework in Frameworks */ = {isa = PBXBuildFile; fileRef = 05649BF31AB10171007566C3 /* AudioToolbox.framework */; };
		05649BF61AB10186007566C3 /* CFNetwork.framework in Frameworks */ = {isa = PBXBuildFile; fileRef = 05649BF51AB10186007566C3 /* CFNetwork.framework */; };
		05649BF81AB101AF007566C3 /* CoreGraphics.framework in Frameworks */ = {isa = PBXBuildFile; fileRef = 05649BF71AB101AF007566C3 /* CoreGraphics.framework */; };
		05649BFA1AB101B8007566C3 /* CoreLocation.framework in Frameworks */ = {isa = PBXBuildFile; fileRef = 05649BF91AB101B8007566C3 /* CoreLocation.framework */; };
		05649BFC1AB101DD007566C3 /* QuartzCore.framework in Frameworks */ = {isa = PBXBuildFile; fileRef = 05649BFB1AB101DD007566C3 /* QuartzCore.framework */; };
		05649BFE1AB101E5007566C3 /* Security.framework in Frameworks */ = {isa = PBXBuildFile; fileRef = 05649BFD1AB101E5007566C3 /* Security.framework */; };
		05649C071AB28572007566C3 /* libstdc++.6.dylib in Frameworks */ = {isa = PBXBuildFile; fileRef = 05649C061AB28572007566C3 /* libstdc++.6.dylib */; };
		05649C0B1AB47E31007566C3 /* LimoRequestViewController.swift in Sources */ = {isa = PBXBuildFile; fileRef = 05649C0A1AB47E31007566C3 /* LimoRequestViewController.swift */; };
		05649C0D1AB4826E007566C3 /* UserProfileTableViewController.swift in Sources */ = {isa = PBXBuildFile; fileRef = 05649C0C1AB4826E007566C3 /* UserProfileTableViewController.swift */; };
		056E62AF1ABE444E003C6A7C /* KeysAndSecrets.swift in Sources */ = {isa = PBXBuildFile; fileRef = 056E62AE1ABE444E003C6A7C /* KeysAndSecrets.swift */; };
		056E62B31AC12378003C6A7C /* LocalSearchTableViewController.swift in Sources */ = {isa = PBXBuildFile; fileRef = 056E62B21AC12378003C6A7C /* LocalSearchTableViewController.swift */; };
		056E62B71AC397F5003C6A7C /* LimoRequest.swift in Sources */ = {isa = PBXBuildFile; fileRef = 056E62B61AC397F5003C6A7C /* LimoRequest.swift */; };
		056E62C31ACC8460003C6A7C /* PreviousLocationLookupViewController.swift in Sources */ = {isa = PBXBuildFile; fileRef = 056E62C21ACC8460003C6A7C /* PreviousLocationLookupViewController.swift */; };
		05722C061AD707FC0067B256 /* Bolts.framework in Frameworks */ = {isa = PBXBuildFile; fileRef = 05722C051AD707FC0067B256 /* Bolts.framework */; };
		05722C081AD7080E0067B256 /* Parse.framework in Frameworks */ = {isa = PBXBuildFile; fileRef = 05722C071AD7080E0067B256 /* Parse.framework */; };
		05722C0A1AD708500067B256 /* ParseCrashReporting.framework in Frameworks */ = {isa = PBXBuildFile; fileRef = 05722C091AD708500067B256 /* ParseCrashReporting.framework */; };
		05722C0C1AD7085C0067B256 /* ParseUI.framework in Frameworks */ = {isa = PBXBuildFile; fileRef = 05722C0B1AD7085C0067B256 /* ParseUI.framework */; };
		05722C0E1AD708EA0067B256 /* ParseFacebookUtils.framework in Frameworks */ = {isa = PBXBuildFile; fileRef = 05722C0D1AD708EA0067B256 /* ParseFacebookUtils.framework */; };
		05722C101AD708F30067B256 /* ParseFacebookUtilsV4.framework in Frameworks */ = {isa = PBXBuildFile; fileRef = 05722C0F1AD708F30067B256 /* ParseFacebookUtilsV4.framework */; };
		05722C121AD73A010067B256 /* FBSDKCoreKit.framework in Frameworks */ = {isa = PBXBuildFile; fileRef = 05722C111AD73A010067B256 /* FBSDKCoreKit.framework */; };
		05722C141AD740230067B256 /* FacebookSDK.framework in Frameworks */ = {isa = PBXBuildFile; fileRef = 05722C131AD740230067B256 /* FacebookSDK.framework */; };
		05722C161AD7408B0067B256 /* FBSDKLoginKit.framework in Frameworks */ = {isa = PBXBuildFile; fileRef = 05722C151AD7408B0067B256 /* FBSDKLoginKit.framework */; };
		0587FBE81ADED8E9002F52B4 /* ActionButton.swift in Sources */ = {isa = PBXBuildFile; fileRef = 0587FBE71ADED8E9002F52B4 /* ActionButton.swift */; };
		05BC51F71AD19C7900506461 /* Main.storyboard in Resources */ = {isa = PBXBuildFile; fileRef = 05BC51F61AD19C7900506461 /* Main.storyboard */; };
		05BC51F91AD48D0A00506461 /* RequestDetailTableViewController.swift in Sources */ = {isa = PBXBuildFile; fileRef = 05BC51F81AD48D0A00506461 /* RequestDetailTableViewController.swift */; };
		05DA9CC11AB61FD5004EE4DA /* LimoUserLogInViewController.swift in Sources */ = {isa = PBXBuildFile; fileRef = 05DA9CC01AB61FD5004EE4DA /* LimoUserLogInViewController.swift */; };
		05DE99741ACF0EDD0039F0A7 /* PushNoAnimationSegue.swift in Sources */ = {isa = PBXBuildFile; fileRef = 05DE99731ACF0EDD0039F0A7 /* PushNoAnimationSegue.swift */; };
		05DE99781ACF47040039F0A7 /* RequestsTableViewController.swift in Sources */ = {isa = PBXBuildFile; fileRef = 05DE99771ACF47040039F0A7 /* RequestsTableViewController.swift */; };
		05DE997A1ACF48D90039F0A7 /* RequestsTableViewCell.swift in Sources */ = {isa = PBXBuildFile; fileRef = 05DE99791ACF48D90039F0A7 /* RequestsTableViewCell.swift */; };
/* End PBXBuildFile section */

/* Begin PBXContainerItemProxy section */
		05649BC81AB0EFCC007566C3 /* PBXContainerItemProxy */ = {
			isa = PBXContainerItemProxy;
			containerPortal = 05649BAA1AB0EFCC007566C3 /* Project object */;
			proxyType = 1;
			remoteGlobalIDString = 05649BB11AB0EFCC007566C3;
			remoteInfo = LimoService;
		};
/* End PBXContainerItemProxy section */

/* Begin PBXFileReference section */
		050DF30A1ACCFE96003640DE /* LocationLookupTableViewCell.swift */ = {isa = PBXFileReference; fileEncoding = 4; lastKnownFileType = sourcecode.swift; name = LocationLookupTableViewCell.swift; path = ../LocationLookupTableViewCell.swift; sourceTree = "<group>"; };
		050DF30D1ACEED81003640DE /* LoginManagerViewController.swift */ = {isa = PBXFileReference; fileEncoding = 4; lastKnownFileType = sourcecode.swift; path = LoginManagerViewController.swift; sourceTree = "<group>"; };
		0523BD801AB632D50056CFD8 /* LimoUserSignUpViewController.swift */ = {isa = PBXFileReference; fileEncoding = 4; lastKnownFileType = sourcecode.swift; name = LimoUserSignUpViewController.swift; path = ../LimoUserSignUpViewController.swift; sourceTree = "<group>"; };
		0523BD821AB75D2A0056CFD8 /* LimoUserLocation.swift */ = {isa = PBXFileReference; fileEncoding = 4; lastKnownFileType = sourcecode.swift; path = LimoUserLocation.swift; sourceTree = "<group>"; };
		0523BD841AB7A43A0056CFD8 /* LocationTableViewCell.swift */ = {isa = PBXFileReference; fileEncoding = 4; lastKnownFileType = sourcecode.swift; path = LocationTableViewCell.swift; sourceTree = "<group>"; };
		0523BD861AB7AF510056CFD8 /* LocationSearchTableViewController.swift */ = {isa = PBXFileReference; fileEncoding = 4; lastKnownFileType = sourcecode.swift; path = LocationSearchTableViewController.swift; sourceTree = "<group>"; };
		0523BD881AB7B0B30056CFD8 /* LocationResultsTableViewController.swift */ = {isa = PBXFileReference; fileEncoding = 4; lastKnownFileType = sourcecode.swift; path = LocationResultsTableViewController.swift; sourceTree = "<group>"; };
		0523BD8A1AB7C44C0056CFD8 /* MapKit.framework */ = {isa = PBXFileReference; lastKnownFileType = wrapper.framework; name = MapKit.framework; path = System/Library/Frameworks/MapKit.framework; sourceTree = SDKROOT; };
		0523BD8C1AB892870056CFD8 /* LocationMapViewController.swift */ = {isa = PBXFileReference; fileEncoding = 4; lastKnownFileType = sourcecode.swift; path = LocationMapViewController.swift; sourceTree = "<group>"; };
		054283FF1ADC959C00EC0D23 /* LocationSelectionTableViewCell.swift */ = {isa = PBXFileReference; fileEncoding = 4; lastKnownFileType = sourcecode.swift; path = LocationSelectionTableViewCell.swift; sourceTree = "<group>"; };
		054284011ADC98D400EC0D23 /* Protocols.swift */ = {isa = PBXFileReference; fileEncoding = 4; lastKnownFileType = sourcecode.swift; path = Protocols.swift; sourceTree = "<group>"; };
		054284031ADC9C0C00EC0D23 /* DateSelectionTableViewCell.swift */ = {isa = PBXFileReference; fileEncoding = 4; lastKnownFileType = sourcecode.swift; path = DateSelectionTableViewCell.swift; sourceTree = "<group>"; };
		054284051ADC9FD300EC0D23 /* NumStepperCellTableViewCell.swift */ = {isa = PBXFileReference; fileEncoding = 4; lastKnownFileType = sourcecode.swift; path = NumStepperCellTableViewCell.swift; sourceTree = "<group>"; };
		054284071ADCA2B300EC0D23 /* ButtonCellTableViewCell.swift */ = {isa = PBXFileReference; fileEncoding = 4; lastKnownFileType = sourcecode.swift; path = ButtonCellTableViewCell.swift; sourceTree = "<group>"; };
		054284091ADCA3D300EC0D23 /* TextFieldCellTableViewCell.swift */ = {isa = PBXFileReference; fileEncoding = 4; lastKnownFileType = sourcecode.swift; path = TextFieldCellTableViewCell.swift; sourceTree = "<group>"; };
		0542840B1ADDA63500EC0D23 /* StatusIndicatiorView.swift */ = {isa = PBXFileReference; fileEncoding = 4; lastKnownFileType = sourcecode.swift; path = StatusIndicatiorView.swift; sourceTree = "<group>"; };
		05649BB21AB0EFCC007566C3 /* LimoService.app */ = {isa = PBXFileReference; explicitFileType = wrapper.application; includeInIndex = 0; path = LimoService.app; sourceTree = BUILT_PRODUCTS_DIR; };
		05649BB61AB0EFCC007566C3 /* Info.plist */ = {isa = PBXFileReference; lastKnownFileType = text.plist.xml; path = Info.plist; sourceTree = "<group>"; };
		05649BB71AB0EFCC007566C3 /* AppDelegate.swift */ = {isa = PBXFileReference; lastKnownFileType = sourcecode.swift; path = AppDelegate.swift; sourceTree = "<group>"; };
		05649BBE1AB0EFCC007566C3 /* Images.xcassets */ = {isa = PBXFileReference; lastKnownFileType = folder.assetcatalog; path = Images.xcassets; sourceTree = "<group>"; };
		05649BC11AB0EFCC007566C3 /* Base */ = {isa = PBXFileReference; lastKnownFileType = file.xib; name = Base; path = Base.lproj/LaunchScreen.xib; sourceTree = "<group>"; };
		05649BC71AB0EFCC007566C3 /* LimoServiceTests.xctest */ = {isa = PBXFileReference; explicitFileType = wrapper.cfbundle; includeInIndex = 0; path = LimoServiceTests.xctest; sourceTree = BUILT_PRODUCTS_DIR; };
		05649BCC1AB0EFCC007566C3 /* Info.plist */ = {isa = PBXFileReference; lastKnownFileType = text.plist.xml; path = Info.plist; sourceTree = "<group>"; };
		05649BCD1AB0EFCC007566C3 /* LimoServiceTests.swift */ = {isa = PBXFileReference; lastKnownFileType = sourcecode.swift; path = LimoServiceTests.swift; sourceTree = "<group>"; };
		05649BD91AB0F46C007566C3 /* libz.dylib */ = {isa = PBXFileReference; lastKnownFileType = "compiled.mach-o.dylib"; name = libz.dylib; path = usr/lib/libz.dylib; sourceTree = SDKROOT; };
		05649BDB1AB0F48F007566C3 /* libsqlite3.dylib */ = {isa = PBXFileReference; lastKnownFileType = "compiled.mach-o.dylib"; name = libsqlite3.dylib; path = usr/lib/libsqlite3.dylib; sourceTree = SDKROOT; };
		05649BE31AB0F665007566C3 /* LimoService-Bridging-Header.h */ = {isa = PBXFileReference; lastKnownFileType = sourcecode.c.h; path = "LimoService-Bridging-Header.h"; sourceTree = SOURCE_ROOT; };
		05649BE61AB0F713007566C3 /* Social.framework */ = {isa = PBXFileReference; lastKnownFileType = wrapper.framework; name = Social.framework; path = System/Library/Frameworks/Social.framework; sourceTree = SDKROOT; };
		05649BE81AB0F720007566C3 /* Accounts.framework */ = {isa = PBXFileReference; lastKnownFileType = wrapper.framework; name = Accounts.framework; path = System/Library/Frameworks/Accounts.framework; sourceTree = SDKROOT; };
		05649BEF1AB1004A007566C3 /* MobileCoreServices.framework */ = {isa = PBXFileReference; lastKnownFileType = wrapper.framework; name = MobileCoreServices.framework; path = System/Library/Frameworks/MobileCoreServices.framework; sourceTree = SDKROOT; };
		05649BF11AB100D9007566C3 /* SystemConfiguration.framework */ = {isa = PBXFileReference; lastKnownFileType = wrapper.framework; name = SystemConfiguration.framework; path = System/Library/Frameworks/SystemConfiguration.framework; sourceTree = SDKROOT; };
		05649BF31AB10171007566C3 /* AudioToolbox.framework */ = {isa = PBXFileReference; lastKnownFileType = wrapper.framework; name = AudioToolbox.framework; path = System/Library/Frameworks/AudioToolbox.framework; sourceTree = SDKROOT; };
		05649BF51AB10186007566C3 /* CFNetwork.framework */ = {isa = PBXFileReference; lastKnownFileType = wrapper.framework; name = CFNetwork.framework; path = System/Library/Frameworks/CFNetwork.framework; sourceTree = SDKROOT; };
		05649BF71AB101AF007566C3 /* CoreGraphics.framework */ = {isa = PBXFileReference; lastKnownFileType = wrapper.framework; name = CoreGraphics.framework; path = System/Library/Frameworks/CoreGraphics.framework; sourceTree = SDKROOT; };
		05649BF91AB101B8007566C3 /* CoreLocation.framework */ = {isa = PBXFileReference; lastKnownFileType = wrapper.framework; name = CoreLocation.framework; path = System/Library/Frameworks/CoreLocation.framework; sourceTree = SDKROOT; };
		05649BFB1AB101DD007566C3 /* QuartzCore.framework */ = {isa = PBXFileReference; lastKnownFileType = wrapper.framework; name = QuartzCore.framework; path = System/Library/Frameworks/QuartzCore.framework; sourceTree = SDKROOT; };
		05649BFD1AB101E5007566C3 /* Security.framework */ = {isa = PBXFileReference; lastKnownFileType = wrapper.framework; name = Security.framework; path = System/Library/Frameworks/Security.framework; sourceTree = SDKROOT; };
		05649C061AB28572007566C3 /* libstdc++.6.dylib */ = {isa = PBXFileReference; lastKnownFileType = "compiled.mach-o.dylib"; name = "libstdc++.6.dylib"; path = "usr/lib/libstdc++.6.dylib"; sourceTree = SDKROOT; };
		05649C0A1AB47E31007566C3 /* LimoRequestViewController.swift */ = {isa = PBXFileReference; fileEncoding = 4; lastKnownFileType = sourcecode.swift; path = LimoRequestViewController.swift; sourceTree = "<group>"; };
		05649C0C1AB4826E007566C3 /* UserProfileTableViewController.swift */ = {isa = PBXFileReference; fileEncoding = 4; lastKnownFileType = sourcecode.swift; name = UserProfileTableViewController.swift; path = ../UserProfileTableViewController.swift; sourceTree = "<group>"; };
		056E62AE1ABE444E003C6A7C /* KeysAndSecrets.swift */ = {isa = PBXFileReference; fileEncoding = 4; lastKnownFileType = sourcecode.swift; path = KeysAndSecrets.swift; sourceTree = "<group>"; };
		056E62B21AC12378003C6A7C /* LocalSearchTableViewController.swift */ = {isa = PBXFileReference; fileEncoding = 4; lastKnownFileType = sourcecode.swift; path = LocalSearchTableViewController.swift; sourceTree = "<group>"; };
		056E62B61AC397F5003C6A7C /* LimoRequest.swift */ = {isa = PBXFileReference; fileEncoding = 4; lastKnownFileType = sourcecode.swift; path = LimoRequest.swift; sourceTree = "<group>"; };
		056E62C21ACC8460003C6A7C /* PreviousLocationLookupViewController.swift */ = {isa = PBXFileReference; fileEncoding = 4; lastKnownFileType = sourcecode.swift; path = PreviousLocationLookupViewController.swift; sourceTree = "<group>"; };
		05722C051AD707FC0067B256 /* Bolts.framework */ = {isa = PBXFileReference; lastKnownFileType = wrapper.framework; path = Bolts.framework; sourceTree = "<group>"; };
		05722C071AD7080E0067B256 /* Parse.framework */ = {isa = PBXFileReference; lastKnownFileType = wrapper.framework; path = Parse.framework; sourceTree = "<group>"; };
		05722C091AD708500067B256 /* ParseCrashReporting.framework */ = {isa = PBXFileReference; lastKnownFileType = wrapper.framework; path = ParseCrashReporting.framework; sourceTree = "<group>"; };
		05722C0B1AD7085C0067B256 /* ParseUI.framework */ = {isa = PBXFileReference; lastKnownFileType = wrapper.framework; path = ParseUI.framework; sourceTree = "<group>"; };
		05722C0D1AD708EA0067B256 /* ParseFacebookUtils.framework */ = {isa = PBXFileReference; lastKnownFileType = wrapper.framework; path = ParseFacebookUtils.framework; sourceTree = "<group>"; };
		05722C0F1AD708F30067B256 /* ParseFacebookUtilsV4.framework */ = {isa = PBXFileReference; lastKnownFileType = wrapper.framework; path = ParseFacebookUtilsV4.framework; sourceTree = "<group>"; };
		05722C111AD73A010067B256 /* FBSDKCoreKit.framework */ = {isa = PBXFileReference; lastKnownFileType = wrapper.framework; path = FBSDKCoreKit.framework; sourceTree = "<group>"; };
		05722C131AD740230067B256 /* FacebookSDK.framework */ = {isa = PBXFileReference; lastKnownFileType = wrapper.framework; path = FacebookSDK.framework; sourceTree = "<group>"; };
		05722C151AD7408B0067B256 /* FBSDKLoginKit.framework */ = {isa = PBXFileReference; lastKnownFileType = wrapper.framework; path = FBSDKLoginKit.framework; sourceTree = "<group>"; };
		0587FBE71ADED8E9002F52B4 /* ActionButton.swift */ = {isa = PBXFileReference; fileEncoding = 4; lastKnownFileType = sourcecode.swift; path = ActionButton.swift; sourceTree = "<group>"; };
		05BC51F61AD19C7900506461 /* Main.storyboard */ = {isa = PBXFileReference; fileEncoding = 4; lastKnownFileType = file.storyboard; path = Main.storyboard; sourceTree = "<group>"; };
		05BC51F81AD48D0A00506461 /* RequestDetailTableViewController.swift */ = {isa = PBXFileReference; fileEncoding = 4; lastKnownFileType = sourcecode.swift; path = RequestDetailTableViewController.swift; sourceTree = "<group>"; };
		05DA9CC01AB61FD5004EE4DA /* LimoUserLogInViewController.swift */ = {isa = PBXFileReference; fileEncoding = 4; lastKnownFileType = sourcecode.swift; path = LimoUserLogInViewController.swift; sourceTree = "<group>"; };
		05DE99731ACF0EDD0039F0A7 /* PushNoAnimationSegue.swift */ = {isa = PBXFileReference; fileEncoding = 4; lastKnownFileType = sourcecode.swift; path = PushNoAnimationSegue.swift; sourceTree = "<group>"; };
		05DE99771ACF47040039F0A7 /* RequestsTableViewController.swift */ = {isa = PBXFileReference; fileEncoding = 4; lastKnownFileType = sourcecode.swift; path = RequestsTableViewController.swift; sourceTree = "<group>"; };
		05DE99791ACF48D90039F0A7 /* RequestsTableViewCell.swift */ = {isa = PBXFileReference; fileEncoding = 4; lastKnownFileType = sourcecode.swift; path = RequestsTableViewCell.swift; sourceTree = "<group>"; };
/* End PBXFileReference section */

/* Begin PBXFrameworksBuildPhase section */
		05649BAF1AB0EFCC007566C3 /* Frameworks */ = {
			isa = PBXFrameworksBuildPhase;
			buildActionMask = 2147483647;
			files = (
				05649C071AB28572007566C3 /* libstdc++.6.dylib in Frameworks */,
				05722C0A1AD708500067B256 /* ParseCrashReporting.framework in Frameworks */,
				05722C101AD708F30067B256 /* ParseFacebookUtilsV4.framework in Frameworks */,
				05722C061AD707FC0067B256 /* Bolts.framework in Frameworks */,
				05722C121AD73A010067B256 /* FBSDKCoreKit.framework in Frameworks */,
				05722C161AD7408B0067B256 /* FBSDKLoginKit.framework in Frameworks */,
				0523BD8B1AB7C44C0056CFD8 /* MapKit.framework in Frameworks */,
				05649BFE1AB101E5007566C3 /* Security.framework in Frameworks */,
				05649BFC1AB101DD007566C3 /* QuartzCore.framework in Frameworks */,
				05649BFA1AB101B8007566C3 /* CoreLocation.framework in Frameworks */,
				05649BF81AB101AF007566C3 /* CoreGraphics.framework in Frameworks */,
				05649BF61AB10186007566C3 /* CFNetwork.framework in Frameworks */,
				05649BF41AB10171007566C3 /* AudioToolbox.framework in Frameworks */,
				05722C0C1AD7085C0067B256 /* ParseUI.framework in Frameworks */,
				05649BF21AB100D9007566C3 /* SystemConfiguration.framework in Frameworks */,
				05649BF01AB1004A007566C3 /* MobileCoreServices.framework in Frameworks */,
				05649BE91AB0F720007566C3 /* Accounts.framework in Frameworks */,
				05722C081AD7080E0067B256 /* Parse.framework in Frameworks */,
				05649BE71AB0F713007566C3 /* Social.framework in Frameworks */,
				05649BDC1AB0F48F007566C3 /* libsqlite3.dylib in Frameworks */,
				05722C141AD740230067B256 /* FacebookSDK.framework in Frameworks */,
				05722C0E1AD708EA0067B256 /* ParseFacebookUtils.framework in Frameworks */,
				05649BDA1AB0F46C007566C3 /* libz.dylib in Frameworks */,
			);
			runOnlyForDeploymentPostprocessing = 0;
		};
		05649BC41AB0EFCC007566C3 /* Frameworks */ = {
			isa = PBXFrameworksBuildPhase;
			buildActionMask = 2147483647;
			files = (
			);
			runOnlyForDeploymentPostprocessing = 0;
		};
/* End PBXFrameworksBuildPhase section */

/* Begin PBXGroup section */
		050DF30C1ACEED14003640DE /* Login */ = {
			isa = PBXGroup;
			children = (
				05649C0C1AB4826E007566C3 /* UserProfileTableViewController.swift */,
				0523BD801AB632D50056CFD8 /* LimoUserSignUpViewController.swift */,
				050DF30D1ACEED81003640DE /* LoginManagerViewController.swift */,
				05DA9CC01AB61FD5004EE4DA /* LimoUserLogInViewController.swift */,
				05DE99731ACF0EDD0039F0A7 /* PushNoAnimationSegue.swift */,
			);
			name = Login;
			sourceTree = "<group>";
		};
		05649BA91AB0EFCC007566C3 = {
			isa = PBXGroup;
			children = (
				05649BEC1AB0F793007566C3 /* Frameworks */,
				05649BB41AB0EFCC007566C3 /* LimoService */,
				05649BCA1AB0EFCC007566C3 /* LimoServiceTests */,
				05649BB31AB0EFCC007566C3 /* Products */,
			);
			sourceTree = "<group>";
		};
		05649BB31AB0EFCC007566C3 /* Products */ = {
			isa = PBXGroup;
			children = (
				05649BB21AB0EFCC007566C3 /* LimoService.app */,
				05649BC71AB0EFCC007566C3 /* LimoServiceTests.xctest */,
			);
			name = Products;
			sourceTree = "<group>";
		};
		05649BB41AB0EFCC007566C3 /* LimoService */ = {
			isa = PBXGroup;
			children = (
				056E62AE1ABE444E003C6A7C /* KeysAndSecrets.swift */,
				05DA9CBF1AB618DC004EE4DA /* Views */,
				05DA9CBC1AB4CFBD004EE4DA /* ViewControllers */,
				05DA9CBB1AB4CFAE004EE4DA /* Model */,
				05649BBE1AB0EFCC007566C3 /* Images.xcassets */,
				05649BB51AB0EFCC007566C3 /* Supporting Files */,
			);
			path = LimoService;
			sourceTree = "<group>";
		};
		05649BB51AB0EFCC007566C3 /* Supporting Files */ = {
			isa = PBXGroup;
			children = (
				054284011ADC98D400EC0D23 /* Protocols.swift */,
				05649BB71AB0EFCC007566C3 /* AppDelegate.swift */,
				05649BE31AB0F665007566C3 /* LimoService-Bridging-Header.h */,
				05649BB61AB0EFCC007566C3 /* Info.plist */,
			);
			name = "Supporting Files";
			sourceTree = "<group>";
		};
		05649BCA1AB0EFCC007566C3 /* LimoServiceTests */ = {
			isa = PBXGroup;
			children = (
				05649BCD1AB0EFCC007566C3 /* LimoServiceTests.swift */,
				05649BCB1AB0EFCC007566C3 /* Supporting Files */,
			);
			path = LimoServiceTests;
			sourceTree = "<group>";
		};
		05649BCB1AB0EFCC007566C3 /* Supporting Files */ = {
			isa = PBXGroup;
			children = (
				05649BCC1AB0EFCC007566C3 /* Info.plist */,
			);
			name = "Supporting Files";
			sourceTree = "<group>";
		};
		05649BEC1AB0F793007566C3 /* Frameworks */ = {
			isa = PBXGroup;
			children = (
				05722C051AD707FC0067B256 /* Bolts.framework */,
				05722C151AD7408B0067B256 /* FBSDKLoginKit.framework */,
				05722C131AD740230067B256 /* FacebookSDK.framework */,
				05722C111AD73A010067B256 /* FBSDKCoreKit.framework */,
				05722C0F1AD708F30067B256 /* ParseFacebookUtilsV4.framework */,
				05722C0D1AD708EA0067B256 /* ParseFacebookUtils.framework */,
				05722C0B1AD7085C0067B256 /* ParseUI.framework */,
				05722C091AD708500067B256 /* ParseCrashReporting.framework */,
				05722C071AD7080E0067B256 /* Parse.framework */,
				0523BD8A1AB7C44C0056CFD8 /* MapKit.framework */,
				05649C061AB28572007566C3 /* libstdc++.6.dylib */,
				05649BFD1AB101E5007566C3 /* Security.framework */,
				05649BFB1AB101DD007566C3 /* QuartzCore.framework */,
				05649BF91AB101B8007566C3 /* CoreLocation.framework */,
				05649BF71AB101AF007566C3 /* CoreGraphics.framework */,
				05649BF51AB10186007566C3 /* CFNetwork.framework */,
				05649BF31AB10171007566C3 /* AudioToolbox.framework */,
				05649BF11AB100D9007566C3 /* SystemConfiguration.framework */,
				05649BEF1AB1004A007566C3 /* MobileCoreServices.framework */,
				05649BE81AB0F720007566C3 /* Accounts.framework */,
				05649BE61AB0F713007566C3 /* Social.framework */,
				05649BDB1AB0F48F007566C3 /* libsqlite3.dylib */,
				05649BD91AB0F46C007566C3 /* libz.dylib */,
			);
			name = Frameworks;
			sourceTree = "<group>";
		};
		05DA9CBB1AB4CFAE004EE4DA /* Model */ = {
			isa = PBXGroup;
			children = (
				056E62B61AC397F5003C6A7C /* LimoRequest.swift */,
				0523BD821AB75D2A0056CFD8 /* LimoUserLocation.swift */,
			);
			name = Model;
			sourceTree = "<group>";
		};
		05DA9CBC1AB4CFBD004EE4DA /* ViewControllers */ = {
			isa = PBXGroup;
			children = (
				05DE99751ACF46450039F0A7 /* Location */,
				05DE99761ACF46520039F0A7 /* Requests */,
				050DF30C1ACEED14003640DE /* Login */,
			);
			name = ViewControllers;
			sourceTree = "<group>";
		};
		05DA9CBF1AB618DC004EE4DA /* Views */ = {
			isa = PBXGroup;
			children = (
				05649BC01AB0EFCC007566C3 /* LaunchScreen.xib */,
				05BC51F61AD19C7900506461 /* Main.storyboard */,
				0542840B1ADDA63500EC0D23 /* StatusIndicatiorView.swift */,
				0587FBE71ADED8E9002F52B4 /* ActionButton.swift */,
				0523BD841AB7A43A0056CFD8 /* LocationTableViewCell.swift */,
				054283FF1ADC959C00EC0D23 /* LocationSelectionTableViewCell.swift */,
				054284031ADC9C0C00EC0D23 /* DateSelectionTableViewCell.swift */,
				054284091ADCA3D300EC0D23 /* TextFieldCellTableViewCell.swift */,
				054284071ADCA2B300EC0D23 /* ButtonCellTableViewCell.swift */,
				054284051ADC9FD300EC0D23 /* NumStepperCellTableViewCell.swift */,
				050DF30A1ACCFE96003640DE /* LocationLookupTableViewCell.swift */,
				05DE99791ACF48D90039F0A7 /* RequestsTableViewCell.swift */,
			);
			name = Views;
			sourceTree = "<group>";
		};
		05DE99751ACF46450039F0A7 /* Location */ = {
			isa = PBXGroup;
			children = (
				056E62C21ACC8460003C6A7C /* PreviousLocationLookupViewController.swift */,
				0523BD861AB7AF510056CFD8 /* LocationSearchTableViewController.swift */,
				056E62B21AC12378003C6A7C /* LocalSearchTableViewController.swift */,
				0523BD8C1AB892870056CFD8 /* LocationMapViewController.swift */,
				0523BD881AB7B0B30056CFD8 /* LocationResultsTableViewController.swift */,
			);
			name = Location;
			sourceTree = "<group>";
		};
		05DE99761ACF46520039F0A7 /* Requests */ = {
			isa = PBXGroup;
			children = (
				05DE99771ACF47040039F0A7 /* RequestsTableViewController.swift */,
				05649C0A1AB47E31007566C3 /* LimoRequestViewController.swift */,
				05BC51F81AD48D0A00506461 /* RequestDetailTableViewController.swift */,
			);
			name = Requests;
			sourceTree = "<group>";
		};
/* End PBXGroup section */

/* Begin PBXNativeTarget section */
		05649BB11AB0EFCC007566C3 /* LimoService */ = {
			isa = PBXNativeTarget;
			buildConfigurationList = 05649BD11AB0EFCC007566C3 /* Build configuration list for PBXNativeTarget "LimoService" */;
			buildPhases = (
				05649BAE1AB0EFCC007566C3 /* Sources */,
				05649BAF1AB0EFCC007566C3 /* Frameworks */,
				05649BB01AB0EFCC007566C3 /* Resources */,
			);
			buildRules = (
			);
			dependencies = (
			);
			name = LimoService;
			productName = LimoService;
			productReference = 05649BB21AB0EFCC007566C3 /* LimoService.app */;
			productType = "com.apple.product-type.application";
		};
		05649BC61AB0EFCC007566C3 /* LimoServiceTests */ = {
			isa = PBXNativeTarget;
			buildConfigurationList = 05649BD41AB0EFCC007566C3 /* Build configuration list for PBXNativeTarget "LimoServiceTests" */;
			buildPhases = (
				05649BC31AB0EFCC007566C3 /* Sources */,
				05649BC41AB0EFCC007566C3 /* Frameworks */,
				05649BC51AB0EFCC007566C3 /* Resources */,
			);
			buildRules = (
			);
			dependencies = (
				05649BC91AB0EFCC007566C3 /* PBXTargetDependency */,
			);
			name = LimoServiceTests;
			productName = LimoServiceTests;
			productReference = 05649BC71AB0EFCC007566C3 /* LimoServiceTests.xctest */;
			productType = "com.apple.product-type.bundle.unit-test";
		};
/* End PBXNativeTarget section */

/* Begin PBXProject section */
		05649BAA1AB0EFCC007566C3 /* Project object */ = {
			isa = PBXProject;
			attributes = {
				LastUpgradeCheck = 0630;
				ORGANIZATIONNAME = "Sameer Totey";
				TargetAttributes = {
					05649BB11AB0EFCC007566C3 = {
						CreatedOnToolsVersion = 6.2;
						DevelopmentTeam = 6QHDV6JE6P;
						SystemCapabilities = {
							com.apple.BackgroundModes = {
								enabled = 0;
							};
							com.apple.InAppPurchase = {
								enabled = 0;
							};
							com.apple.Maps.iOS = {
								enabled = 1;
							};
						};
					};
					05649BC61AB0EFCC007566C3 = {
						CreatedOnToolsVersion = 6.2;
						TestTargetID = 05649BB11AB0EFCC007566C3;
					};
				};
			};
			buildConfigurationList = 05649BAD1AB0EFCC007566C3 /* Build configuration list for PBXProject "LimoService" */;
			compatibilityVersion = "Xcode 3.2";
			developmentRegion = English;
			hasScannedForEncodings = 0;
			knownRegions = (
				en,
				Base,
			);
			mainGroup = 05649BA91AB0EFCC007566C3;
			productRefGroup = 05649BB31AB0EFCC007566C3 /* Products */;
			projectDirPath = "";
			projectRoot = "";
			targets = (
				05649BB11AB0EFCC007566C3 /* LimoService */,
				05649BC61AB0EFCC007566C3 /* LimoServiceTests */,
			);
		};
/* End PBXProject section */

/* Begin PBXResourcesBuildPhase section */
		05649BB01AB0EFCC007566C3 /* Resources */ = {
			isa = PBXResourcesBuildPhase;
			buildActionMask = 2147483647;
			files = (
				05BC51F71AD19C7900506461 /* Main.storyboard in Resources */,
				05649BC21AB0EFCC007566C3 /* LaunchScreen.xib in Resources */,
				05649BBF1AB0EFCC007566C3 /* Images.xcassets in Resources */,
			);
			runOnlyForDeploymentPostprocessing = 0;
		};
		05649BC51AB0EFCC007566C3 /* Resources */ = {
			isa = PBXResourcesBuildPhase;
			buildActionMask = 2147483647;
			files = (
			);
			runOnlyForDeploymentPostprocessing = 0;
		};
/* End PBXResourcesBuildPhase section */

/* Begin PBXSourcesBuildPhase section */
		05649BAE1AB0EFCC007566C3 /* Sources */ = {
			isa = PBXSourcesBuildPhase;
			buildActionMask = 2147483647;
			files = (
				0542840A1ADCA3D300EC0D23 /* TextFieldCellTableViewCell.swift in Sources */,
				056E62C31ACC8460003C6A7C /* PreviousLocationLookupViewController.swift in Sources */,
				050DF30E1ACEED81003640DE /* LoginManagerViewController.swift in Sources */,
				05DE99781ACF47040039F0A7 /* RequestsTableViewController.swift in Sources */,
				054284021ADC98D400EC0D23 /* Protocols.swift in Sources */,
				054284001ADC959C00EC0D23 /* LocationSelectionTableViewCell.swift in Sources */,
				0523BD811AB632D50056CFD8 /* LimoUserSignUpViewController.swift in Sources */,
				05DE99741ACF0EDD0039F0A7 /* PushNoAnimationSegue.swift in Sources */,
				0523BD831AB75D2A0056CFD8 /* LimoUserLocation.swift in Sources */,
				0523BD851AB7A43A0056CFD8 /* LocationTableViewCell.swift in Sources */,
				0523BD891AB7B0B30056CFD8 /* LocationResultsTableViewController.swift in Sources */,
				0523BD8D1AB892870056CFD8 /* LocationMapViewController.swift in Sources */,
				05DE997A1ACF48D90039F0A7 /* RequestsTableViewCell.swift in Sources */,
				050DF30B1ACCFE96003640DE /* LocationLookupTableViewCell.swift in Sources */,
				054284081ADCA2B300EC0D23 /* ButtonCellTableViewCell.swift in Sources */,
				0542840C1ADDA63500EC0D23 /* StatusIndicatiorView.swift in Sources */,
				054284041ADC9C0D00EC0D23 /* DateSelectionTableViewCell.swift in Sources */,
				054284061ADC9FD300EC0D23 /* NumStepperCellTableViewCell.swift in Sources */,
				056E62B31AC12378003C6A7C /* LocalSearchTableViewController.swift in Sources */,
				05BC51F91AD48D0A00506461 /* RequestDetailTableViewController.swift in Sources */,
				05DA9CC11AB61FD5004EE4DA /* LimoUserLogInViewController.swift in Sources */,
				0523BD871AB7AF510056CFD8 /* LocationSearchTableViewController.swift in Sources */,
				056E62B71AC397F5003C6A7C /* LimoRequest.swift in Sources */,
				056E62AF1ABE444E003C6A7C /* KeysAndSecrets.swift in Sources */,
				05649C0D1AB4826E007566C3 /* UserProfileTableViewController.swift in Sources */,
				05649BB81AB0EFCC007566C3 /* AppDelegate.swift in Sources */,
				05649C0B1AB47E31007566C3 /* LimoRequestViewController.swift in Sources */,
				0587FBE81ADED8E9002F52B4 /* ActionButton.swift in Sources */,
			);
			runOnlyForDeploymentPostprocessing = 0;
		};
		05649BC31AB0EFCC007566C3 /* Sources */ = {
			isa = PBXSourcesBuildPhase;
			buildActionMask = 2147483647;
			files = (
				05649BCE1AB0EFCC007566C3 /* LimoServiceTests.swift in Sources */,
			);
			runOnlyForDeploymentPostprocessing = 0;
		};
/* End PBXSourcesBuildPhase section */

/* Begin PBXTargetDependency section */
		05649BC91AB0EFCC007566C3 /* PBXTargetDependency */ = {
			isa = PBXTargetDependency;
			target = 05649BB11AB0EFCC007566C3 /* LimoService */;
			targetProxy = 05649BC81AB0EFCC007566C3 /* PBXContainerItemProxy */;
		};
/* End PBXTargetDependency section */

/* Begin PBXVariantGroup section */
		05649BC01AB0EFCC007566C3 /* LaunchScreen.xib */ = {
			isa = PBXVariantGroup;
			children = (
				05649BC11AB0EFCC007566C3 /* Base */,
			);
			name = LaunchScreen.xib;
			sourceTree = "<group>";
		};
/* End PBXVariantGroup section */

/* Begin XCBuildConfiguration section */
		05649BCF1AB0EFCC007566C3 /* Debug */ = {
			isa = XCBuildConfiguration;
			buildSettings = {
				ALWAYS_SEARCH_USER_PATHS = NO;
				CLANG_CXX_LANGUAGE_STANDARD = "gnu++0x";
				CLANG_CXX_LIBRARY = "libc++";
				CLANG_ENABLE_MODULES = YES;
				CLANG_ENABLE_OBJC_ARC = YES;
				CLANG_WARN_BOOL_CONVERSION = YES;
				CLANG_WARN_CONSTANT_CONVERSION = YES;
				CLANG_WARN_DIRECT_OBJC_ISA_USAGE = YES_ERROR;
				CLANG_WARN_EMPTY_BODY = YES;
				CLANG_WARN_ENUM_CONVERSION = YES;
				CLANG_WARN_INT_CONVERSION = YES;
				CLANG_WARN_OBJC_ROOT_CLASS = YES_ERROR;
				CLANG_WARN_UNREACHABLE_CODE = YES;
				CLANG_WARN__DUPLICATE_METHOD_MATCH = YES;
				CODE_SIGN_IDENTITY = "Apple Development IOS Push Services: com.sameertotey.LimoService";
				"CODE_SIGN_IDENTITY[sdk=iphoneos*]" = "Apple Development IOS Push Services: com.sameertotey.LimoService";
				COPY_PHASE_STRIP = NO;
				ENABLE_STRICT_OBJC_MSGSEND = YES;
				GCC_C_LANGUAGE_STANDARD = gnu99;
				GCC_DYNAMIC_NO_PIC = NO;
				GCC_OPTIMIZATION_LEVEL = 0;
				GCC_PREPROCESSOR_DEFINITIONS = (
					"DEBUG=1",
					"$(inherited)",
				);
				GCC_SYMBOLS_PRIVATE_EXTERN = NO;
				GCC_WARN_64_TO_32_BIT_CONVERSION = YES;
				GCC_WARN_ABOUT_RETURN_TYPE = YES_ERROR;
				GCC_WARN_UNDECLARED_SELECTOR = YES;
				GCC_WARN_UNINITIALIZED_AUTOS = YES_AGGRESSIVE;
				GCC_WARN_UNUSED_FUNCTION = YES;
				GCC_WARN_UNUSED_VARIABLE = YES;
				IPHONEOS_DEPLOYMENT_TARGET = 8.0;
				MTL_ENABLE_DEBUG_INFO = YES;
				ONLY_ACTIVE_ARCH = YES;
				PROVISIONING_PROFILE = "afd38b16-5b51-497f-9c88-9b5cecff8ff3";
				SDKROOT = iphoneos;
				SWIFT_OPTIMIZATION_LEVEL = "-Onone";
				TARGETED_DEVICE_FAMILY = "1,2";
				VALIDATE_PRODUCT = YES;
			};
			name = Debug;
		};
		05649BD01AB0EFCC007566C3 /* Release */ = {
			isa = XCBuildConfiguration;
			buildSettings = {
				ALWAYS_SEARCH_USER_PATHS = NO;
				CLANG_CXX_LANGUAGE_STANDARD = "gnu++0x";
				CLANG_CXX_LIBRARY = "libc++";
				CLANG_ENABLE_MODULES = YES;
				CLANG_ENABLE_OBJC_ARC = YES;
				CLANG_WARN_BOOL_CONVERSION = YES;
				CLANG_WARN_CONSTANT_CONVERSION = YES;
				CLANG_WARN_DIRECT_OBJC_ISA_USAGE = YES_ERROR;
				CLANG_WARN_EMPTY_BODY = YES;
				CLANG_WARN_ENUM_CONVERSION = YES;
				CLANG_WARN_INT_CONVERSION = YES;
				CLANG_WARN_OBJC_ROOT_CLASS = YES_ERROR;
				CLANG_WARN_UNREACHABLE_CODE = YES;
				CLANG_WARN__DUPLICATE_METHOD_MATCH = YES;
				CODE_SIGN_IDENTITY = "Apple Development IOS Push Services: com.sameertotey.LimoService";
				"CODE_SIGN_IDENTITY[sdk=iphoneos*]" = "Apple Development IOS Push Services: com.sameertotey.LimoService";
				COPY_PHASE_STRIP = NO;
				ENABLE_NS_ASSERTIONS = NO;
				ENABLE_STRICT_OBJC_MSGSEND = YES;
				GCC_C_LANGUAGE_STANDARD = gnu99;
				GCC_WARN_64_TO_32_BIT_CONVERSION = YES;
				GCC_WARN_ABOUT_RETURN_TYPE = YES_ERROR;
				GCC_WARN_UNDECLARED_SELECTOR = YES;
				GCC_WARN_UNINITIALIZED_AUTOS = YES_AGGRESSIVE;
				GCC_WARN_UNUSED_FUNCTION = YES;
				GCC_WARN_UNUSED_VARIABLE = YES;
				IPHONEOS_DEPLOYMENT_TARGET = 8.0;
				MTL_ENABLE_DEBUG_INFO = NO;
				ONLY_ACTIVE_ARCH = NO;
				PROVISIONING_PROFILE = "afd38b16-5b51-497f-9c88-9b5cecff8ff3";
				SDKROOT = iphoneos;
				TARGETED_DEVICE_FAMILY = "1,2";
				VALIDATE_PRODUCT = YES;
			};
			name = Release;
		};
		05649BD21AB0EFCC007566C3 /* Debug */ = {
			isa = XCBuildConfiguration;
			buildSettings = {
				ASSETCATALOG_COMPILER_APPICON_NAME = AppIcon;
				CLANG_ENABLE_MODULES = YES;
				CODE_SIGN_IDENTITY = "iPhone Developer";
				"CODE_SIGN_IDENTITY[sdk=iphoneos*]" = "Apple Development IOS Push Services: com.sameertotey.LimoService";
				FRAMEWORK_SEARCH_PATHS = (
					"$(inherited)",
					"$(PROJECT_DIR)",
					/Users/sameertotey/Documents/FacebookSDK,
					"/Users/sameertotey/Downloads/parse-starter-project-1.6.4/ParseStarterProject",
				);
				INFOPLIST_FILE = LimoService/Info.plist;
				LD_RUNPATH_SEARCH_PATHS = "$(inherited) @executable_path/Frameworks";
				PRODUCT_NAME = "$(TARGET_NAME)";
				PROVISIONING_PROFILE = "afd38b16-5b51-497f-9c88-9b5cecff8ff3";
				SWIFT_OBJC_BRIDGING_HEADER = "LimoService-Bridging-Header.h";
				SWIFT_OPTIMIZATION_LEVEL = "-Onone";
			};
			name = Debug;
		};
		05649BD31AB0EFCC007566C3 /* Release */ = {
			isa = XCBuildConfiguration;
			buildSettings = {
				ASSETCATALOG_COMPILER_APPICON_NAME = AppIcon;
				CLANG_ENABLE_MODULES = YES;
				CODE_SIGN_IDENTITY = "iPhone Developer";
				"CODE_SIGN_IDENTITY[sdk=iphoneos*]" = "Apple Development IOS Push Services: com.sameertotey.LimoService";
				FRAMEWORK_SEARCH_PATHS = (
					"$(inherited)",
					"$(PROJECT_DIR)",
					/Users/sameertotey/Documents/FacebookSDK,
					"/Users/sameertotey/Downloads/parse-starter-project-1.6.4/ParseStarterProject",
				);
				GCC_SYMBOLS_PRIVATE_EXTERN = NO;
				INFOPLIST_FILE = LimoService/Info.plist;
				LD_RUNPATH_SEARCH_PATHS = "$(inherited) @executable_path/Frameworks";
				PRODUCT_NAME = "$(TARGET_NAME)";
				PROVISIONING_PROFILE = "378206cd-62e5-4b33-81c8-c456b0ba74e2";
				SWIFT_OBJC_BRIDGING_HEADER = "LimoService-Bridging-Header.h";
				"VALID_ARCHS[sdk=*]" = "arm64 armv7 armv7s";
			};
			name = Release;
		};
		05649BD51AB0EFCC007566C3 /* Debug */ = {
			isa = XCBuildConfiguration;
			buildSettings = {
				BUNDLE_LOADER = "$(TEST_HOST)";
				CODE_SIGN_IDENTITY = "iPhone Developer";
				FRAMEWORK_SEARCH_PATHS = (
					"$(SDKROOT)/Developer/Library/Frameworks",
					"$(inherited)",
				);
				GCC_PREPROCESSOR_DEFINITIONS = (
					"DEBUG=1",
					"$(inherited)",
				);
				INFOPLIST_FILE = LimoServiceTests/Info.plist;
				LD_RUNPATH_SEARCH_PATHS = "$(inherited) @executable_path/Frameworks @loader_path/Frameworks";
				PRODUCT_NAME = "$(TARGET_NAME)";
				PROVISIONING_PROFILE = "";
				TEST_HOST = "$(BUILT_PRODUCTS_DIR)/LimoService.app/LimoService";
			};
			name = Debug;
		};
		05649BD61AB0EFCC007566C3 /* Release */ = {
			isa = XCBuildConfiguration;
			buildSettings = {
				BUNDLE_LOADER = "$(TEST_HOST)";
				CODE_SIGN_IDENTITY = "iPhone Developer";
				"CODE_SIGN_IDENTITY[sdk=iphoneos*]" = "iPhone Developer";
				FRAMEWORK_SEARCH_PATHS = (
					"$(SDKROOT)/Developer/Library/Frameworks",
					"$(inherited)",
				);
				INFOPLIST_FILE = LimoServiceTests/Info.plist;
				LD_RUNPATH_SEARCH_PATHS = "$(inherited) @executable_path/Frameworks @loader_path/Frameworks";
				PRODUCT_NAME = "$(TARGET_NAME)";
				PROVISIONING_PROFILE = "";
				TEST_HOST = "$(BUILT_PRODUCTS_DIR)/LimoService.app/LimoService";
			};
			name = Release;
		};
/* End XCBuildConfiguration section */

/* Begin XCConfigurationList section */
		05649BAD1AB0EFCC007566C3 /* Build configuration list for PBXProject "LimoService" */ = {
			isa = XCConfigurationList;
			buildConfigurations = (
				05649BCF1AB0EFCC007566C3 /* Debug */,
				05649BD01AB0EFCC007566C3 /* Release */,
			);
			defaultConfigurationIsVisible = 0;
			defaultConfigurationName = Release;
		};
		05649BD11AB0EFCC007566C3 /* Build configuration list for PBXNativeTarget "LimoService" */ = {
			isa = XCConfigurationList;
			buildConfigurations = (
				05649BD21AB0EFCC007566C3 /* Debug */,
				05649BD31AB0EFCC007566C3 /* Release */,
			);
			defaultConfigurationIsVisible = 0;
			defaultConfigurationName = Release;
		};
		05649BD41AB0EFCC007566C3 /* Build configuration list for PBXNativeTarget "LimoServiceTests" */ = {
			isa = XCConfigurationList;
			buildConfigurations = (
				05649BD51AB0EFCC007566C3 /* Debug */,
				05649BD61AB0EFCC007566C3 /* Release */,
			);
			defaultConfigurationIsVisible = 0;
			defaultConfigurationName = Release;
		};
/* End XCConfigurationList section */
	};
	rootObject = 05649BAA1AB0EFCC007566C3 /* Project object */;
}
